
Microsoft Visual Studio Solution File, Format Version 12.00
# Visual Studio Version 17
VisualStudioVersion = 17.10.35013.160
MinimumVisualStudioVersion = 10.0.40219.1
Project("{8BC9CEB8-8B4A-11D0-8D11-00A0C91BC942}") = "array_char_5", "array_char_5.vcxproj", "{85B0A564-E666-4C28-85DC-E45A3373E8D4}"
EndProject
Global
	GlobalSection(SolutionConfigurationPlatforms) = preSolution
		Debug|x64 = Debug|x64
		Debug|x86 = Debug|x86
		Release|x64 = Release|x64
		Release|x86 = Release|x86
	EndGlobalSection
	GlobalSection(ProjectConfigurationPlatforms) = postSolution
		{85B0A564-E666-4C28-85DC-E45A3373E8D4}.Debug|x64.ActiveCfg = Debug|x64
		{85B0A564-E666-4C28-85DC-E45A3373E8D4}.Debug|x64.Build.0 = Debug|x64
		{85B0A564-E666-4C28-85DC-E45A3373E8D4}.Debug|x86.ActiveCfg = Debug|Win32
		{85B0A564-E666-4C28-85DC-E45A3373E8D4}.Debug|x86.Build.0 = Debug|Win32
		{85B0A564-E666-4C28-85DC-E45A3373E8D4}.Release|x64.ActiveCfg = Release|x64
		{85B0A564-E666-4C28-85DC-E45A3373E8D4}.Release|x64.Build.0 = Release|x64
		{85B0A564-E666-4C28-85DC-E45A3373E8D4}.Release|x86.ActiveCfg = Release|Win32
		{85B0A564-E666-4C28-85DC-E45A3373E8D4}.Release|x86.Build.0 = Release|Win32
	EndGlobalSection
	GlobalSection(SolutionProperties) = preSolution
		HideSolutionNode = FALSE
	EndGlobalSection
	GlobalSection(ExtensibilityGlobals) = postSolution
		SolutionGuid = {8D27A10F-4493-4621-9D79-AD0122DF88FB}
	EndGlobalSection
EndGlobal
